// !$*UTF8*$!
{
	archiveVersion = 1;
	classes = {
	};
	objectVersion = 46;
	objects = {

/* Begin PBXBuildFile section */
		594BEA54156CD06B008A7B4D /* png_loader.c in Sources */ = {isa = PBXBuildFile; fileRef = 594BEA4D156CD06B008A7B4D /* png_loader.c */; };
		59881C30156C98DB00BA719F /* texture_common.c in Sources */ = {isa = PBXBuildFile; fileRef = 59881C2A156C98DB00BA719F /* texture_common.c */; };
		59881C31156C98DB00BA719F /* texture_gdk.c in Sources */ = {isa = PBXBuildFile; fileRef = 59881C2B156C98DB00BA719F /* texture_gdk.c */; };
		59881C32156C98DB00BA719F /* texture_quicktime.c in Sources */ = {isa = PBXBuildFile; fileRef = 59881C2C156C98DB00BA719F /* texture_quicktime.c */; };
		59881C35156C9C2900BA719F /* skybox.c in Sources */ = {isa = PBXBuildFile; fileRef = 59881C34156C9C2900BA719F /* skybox.c */; };
		59966D5C156A1C33005DF6BF /* seabed.c in Sources */ = {isa = PBXBuildFile; fileRef = 59966D5B156A1C33005DF6BF /* seabed.c */; };
		599BE7F015635170003184D7 /* main.c in Sources */ = {isa = PBXBuildFile; fileRef = 599BE7EF15635170003184D7 /* main.c */; };
		599BE7F215635170003184D7 /* I3D_Assignment_2.1 in CopyFiles */ = {isa = PBXBuildFile; fileRef = 599BE7F115635170003184D7 /* I3D_Assignment_2.1 */; };
		59F16A971563521500F8ED81 /* boat.c in Sources */ = {isa = PBXBuildFile; fileRef = 59F16A811563521500F8ED81 /* boat.c */; };
		59F16A981563521500F8ED81 /* camera.c in Sources */ = {isa = PBXBuildFile; fileRef = 59F16A831563521500F8ED81 /* camera.c */; };
		59F16A991563521500F8ED81 /* controls.c in Sources */ = {isa = PBXBuildFile; fileRef = 59F16A851563521500F8ED81 /* controls.c */; };
		59F16A9A1563521500F8ED81 /* keys.c in Sources */ = {isa = PBXBuildFile; fileRef = 59F16A891563521500F8ED81 /* keys.c */; };
		59F16A9B1563521500F8ED81 /* light.c in Sources */ = {isa = PBXBuildFile; fileRef = 59F16A8B1563521500F8ED81 /* light.c */; };
		59F16A9C1563521500F8ED81 /* Makefile in Sources */ = {isa = PBXBuildFile; fileRef = 59F16A8D1563521500F8ED81 /* Makefile */; };
		59F16A9D1563521500F8ED81 /* obj.c in Sources */ = {isa = PBXBuildFile; fileRef = 59F16A8F1563521500F8ED81 /* obj.c */; };
		59F16A9E1563521500F8ED81 /* utils.c in Sources */ = {isa = PBXBuildFile; fileRef = 59F16A931563521500F8ED81 /* utils.c */; };
		59F16A9F1563521500F8ED81 /* waves.c in Sources */ = {isa = PBXBuildFile; fileRef = 59F16A951563521500F8ED81 /* waves.c */; };
/* End PBXBuildFile section */

/* Begin PBXCopyFilesBuildPhase section */
		599BE7E915635170003184D7 /* CopyFiles */ = {
			isa = PBXCopyFilesBuildPhase;
			buildActionMask = 2147483647;
			dstPath = /usr/share/man/man1/;
			dstSubfolderSpec = 0;
			files = (
				599BE7F215635170003184D7 /* I3D_Assignment_2.1 in CopyFiles */,
			);
			runOnlyForDeploymentPostprocessing = 1;
		};
/* End PBXCopyFilesBuildPhase section */

/* Begin PBXFileReference section */
		594BEA4C156CD06B008A7B4D /* heightmap.png */ = {isa = PBXFileReference; lastKnownFileType = image.png; path = heightmap.png; sourceTree = "<group>"; };
		594BEA4D156CD06B008A7B4D /* png_loader.c */ = {isa = PBXFileReference; fileEncoding = 4; lastKnownFileType = sourcecode.c.c; path = png_loader.c; sourceTree = "<group>"; };
		594BEA4E156CD06B008A7B4D /* png_loader.h */ = {isa = PBXFileReference; fileEncoding = 4; lastKnownFileType = sourcecode.c.h; path = png_loader.h; sourceTree = "<group>"; };
		594BEA50156CD06B008A7B4D /* testTexture.png */ = {isa = PBXFileReference; lastKnownFileType = image.png; path = testTexture.png; sourceTree = "<group>"; };
		594BEA52156CD06B008A7B4D /* testTexture.png */ = {isa = PBXFileReference; lastKnownFileType = image.png; name = testTexture.png; path = textures/testTexture.png; sourceTree = "<group>"; };
		594BEA64156DEDF9008A7B4D /* main.h */ = {isa = PBXFileReference; fileEncoding = 4; lastKnownFileType = sourcecode.c.h; path = main.h; sourceTree = "<group>"; };
		594BEA65156E2891008A7B4D /* back.jpg */ = {isa = PBXFileReference; lastKnownFileType = image.jpeg; path = back.jpg; sourceTree = "<group>"; };
		594BEA66156E2891008A7B4D /* bottom.jpg */ = {isa = PBXFileReference; lastKnownFileType = image.jpeg; path = bottom.jpg; sourceTree = "<group>"; };
		594BEA67156E2891008A7B4D /* front.jpg */ = {isa = PBXFileReference; lastKnownFileType = image.jpeg; path = front.jpg; sourceTree = "<group>"; };
		594BEA68156E2891008A7B4D /* left.jpg */ = {isa = PBXFileReference; lastKnownFileType = image.jpeg; path = left.jpg; sourceTree = "<group>"; };
		594BEA69156E2891008A7B4D /* right.jpg */ = {isa = PBXFileReference; lastKnownFileType = image.jpeg; path = right.jpg; sourceTree = "<group>"; };
		594BEA6A156E2891008A7B4D /* skybox.jpg */ = {isa = PBXFileReference; lastKnownFileType = image.jpeg; path = skybox.jpg; sourceTree = "<group>"; };
		594BEA6B156E2891008A7B4D /* top.jpg */ = {isa = PBXFileReference; lastKnownFileType = image.jpeg; path = top.jpg; sourceTree = "<group>"; };
		594BEA6C156E2891008A7B4D /* underwater.jpg */ = {isa = PBXFileReference; lastKnownFileType = image.jpeg; path = underwater.jpg; sourceTree = "<group>"; };
		594BEA6E156E2BE9008A7B4D /* waterTexture.jpg */ = {isa = PBXFileReference; lastKnownFileType = image.jpeg; path = waterTexture.jpg; sourceTree = "<group>"; };
		59881C2A156C98DB00BA719F /* texture_common.c */ = {isa = PBXFileReference; fileEncoding = 4; lastKnownFileType = sourcecode.c.c; path = texture_common.c; sourceTree = "<group>"; };
		59881C2B156C98DB00BA719F /* texture_gdk.c */ = {isa = PBXFileReference; fileEncoding = 4; lastKnownFileType = sourcecode.c.c; path = texture_gdk.c; sourceTree = "<group>"; };
		59881C2C156C98DB00BA719F /* texture_quicktime.c */ = {isa = PBXFileReference; fileEncoding = 4; lastKnownFileType = sourcecode.c.c; path = texture_quicktime.c; sourceTree = "<group>"; };
		59881C2D156C98DB00BA719F /* texture.h */ = {isa = PBXFileReference; fileEncoding = 4; lastKnownFileType = sourcecode.c.h; path = texture.h; sourceTree = "<group>"; };
		59881C34156C9C2900BA719F /* skybox.c */ = {isa = PBXFileReference; fileEncoding = 4; lastKnownFileType = sourcecode.c.c; path = skybox.c; sourceTree = "<group>"; };
		59881C36156C9C3900BA719F /* skybox.h */ = {isa = PBXFileReference; fileEncoding = 4; lastKnownFileType = sourcecode.c.h; path = skybox.h; sourceTree = "<group>"; };
		59966D59156A1C01005DF6BF /* seabed.h */ = {isa = PBXFileReference; fileEncoding = 4; lastKnownFileType = sourcecode.c.h; path = seabed.h; sourceTree = "<group>"; };
		59966D5B156A1C33005DF6BF /* seabed.c */ = {isa = PBXFileReference; fileEncoding = 4; lastKnownFileType = sourcecode.c.c; path = seabed.c; sourceTree = "<group>"; };
		599BE7EB15635170003184D7 /* I3D Assignment 2 */ = {isa = PBXFileReference; explicitFileType = "compiled.mach-o.executable"; includeInIndex = 0; path = "I3D Assignment 2"; sourceTree = BUILT_PRODUCTS_DIR; };
		599BE7EF15635170003184D7 /* main.c */ = {isa = PBXFileReference; lastKnownFileType = sourcecode.c.c; path = main.c; sourceTree = "<group>"; };
		599BE7F115635170003184D7 /* I3D_Assignment_2.1 */ = {isa = PBXFileReference; lastKnownFileType = text.man; path = I3D_Assignment_2.1; sourceTree = "<group>"; };
		59F16A811563521500F8ED81 /* boat.c */ = {isa = PBXFileReference; fileEncoding = 4; lastKnownFileType = sourcecode.c.c; path = boat.c; sourceTree = "<group>"; };
		59F16A821563521500F8ED81 /* boat.h */ = {isa = PBXFileReference; fileEncoding = 4; lastKnownFileType = sourcecode.c.h; path = boat.h; sourceTree = "<group>"; };
		59F16A831563521500F8ED81 /* camera.c */ = {isa = PBXFileReference; fileEncoding = 4; lastKnownFileType = sourcecode.c.c; path = camera.c; sourceTree = "<group>"; };
		59F16A841563521500F8ED81 /* camera.h */ = {isa = PBXFileReference; fileEncoding = 4; lastKnownFileType = sourcecode.c.h; path = camera.h; sourceTree = "<group>"; };
		59F16A851563521500F8ED81 /* controls.c */ = {isa = PBXFileReference; fileEncoding = 4; lastKnownFileType = sourcecode.c.c; path = controls.c; sourceTree = "<group>"; };
		59F16A861563521500F8ED81 /* controls.h */ = {isa = PBXFileReference; fileEncoding = 4; lastKnownFileType = sourcecode.c.h; path = controls.h; sourceTree = "<group>"; };
		59F16A871563521500F8ED81 /* galleon.obj */ = {isa = PBXFileReference; fileEncoding = 4; lastKnownFileType = text; path = galleon.obj; sourceTree = "<group>"; };
		59F16A881563521500F8ED81 /* gl.h */ = {isa = PBXFileReference; fileEncoding = 4; lastKnownFileType = sourcecode.c.h; path = gl.h; sourceTree = "<group>"; };
		59F16A891563521500F8ED81 /* keys.c */ = {isa = PBXFileReference; fileEncoding = 4; lastKnownFileType = sourcecode.c.c; path = keys.c; sourceTree = "<group>"; };
		59F16A8A1563521500F8ED81 /* keys.h */ = {isa = PBXFileReference; fileEncoding = 4; lastKnownFileType = sourcecode.c.h; path = keys.h; sourceTree = "<group>"; };
		59F16A8B1563521500F8ED81 /* light.c */ = {isa = PBXFileReference; fileEncoding = 4; lastKnownFileType = sourcecode.c.c; path = light.c; sourceTree = "<group>"; };
		59F16A8C1563521500F8ED81 /* light.h */ = {isa = PBXFileReference; fileEncoding = 4; lastKnownFileType = sourcecode.c.h; path = light.h; sourceTree = "<group>"; };
		59F16A8D1563521500F8ED81 /* Makefile */ = {isa = PBXFileReference; fileEncoding = 4; lastKnownFileType = sourcecode.make; path = Makefile; sourceTree = "<group>"; };
		59F16A8F1563521500F8ED81 /* obj.c */ = {isa = PBXFileReference; fileEncoding = 4; lastKnownFileType = sourcecode.c.c; path = obj.c; sourceTree = "<group>"; };
		59F16A901563521500F8ED81 /* obj.h */ = {isa = PBXFileReference; fileEncoding = 4; lastKnownFileType = sourcecode.c.h; path = obj.h; sourceTree = "<group>"; };
		59F16A911563521500F8ED81 /* uthash.h */ = {isa = PBXFileReference; fileEncoding = 4; lastKnownFileType = sourcecode.c.h; path = uthash.h; sourceTree = "<group>"; };
		59F16A921563521500F8ED81 /* Readme */ = {isa = PBXFileReference; fileEncoding = 4; lastKnownFileType = text; path = Readme; sourceTree = "<group>"; };
		59F16A931563521500F8ED81 /* utils.c */ = {isa = PBXFileReference; fileEncoding = 4; lastKnownFileType = sourcecode.c.c; path = utils.c; sourceTree = "<group>"; };
		59F16A941563521500F8ED81 /* utils.h */ = {isa = PBXFileReference; fileEncoding = 4; lastKnownFileType = sourcecode.c.h; path = utils.h; sourceTree = "<group>"; };
		59F16A951563521500F8ED81 /* waves.c */ = {isa = PBXFileReference; fileEncoding = 4; lastKnownFileType = sourcecode.c.c; path = waves.c; sourceTree = "<group>"; };
		59F16A961563521500F8ED81 /* waves.h */ = {isa = PBXFileReference; fileEncoding = 4; lastKnownFileType = sourcecode.c.h; path = waves.h; sourceTree = "<group>"; };
/* End PBXFileReference section */

/* Begin PBXFrameworksBuildPhase section */
		599BE7E815635170003184D7 /* Frameworks */ = {
			isa = PBXFrameworksBuildPhase;
			buildActionMask = 2147483647;
			files = (
			);
			runOnlyForDeploymentPostprocessing = 0;
		};
/* End PBXFrameworksBuildPhase section */

/* Begin PBXGroup section */
		594BEA4F156CD06B008A7B4D /* textures */ = {
			isa = PBXGroup;
			children = (
				594BEA6E156E2BE9008A7B4D /* waterTexture.jpg */,
				594BEA65156E2891008A7B4D /* back.jpg */,
				594BEA66156E2891008A7B4D /* bottom.jpg */,
				594BEA67156E2891008A7B4D /* front.jpg */,
				594BEA68156E2891008A7B4D /* left.jpg */,
				594BEA69156E2891008A7B4D /* right.jpg */,
				594BEA6A156E2891008A7B4D /* skybox.jpg */,
				594BEA6B156E2891008A7B4D /* top.jpg */,
				594BEA6C156E2891008A7B4D /* underwater.jpg */,
				594BEA50156CD06B008A7B4D /* testTexture.png */,
			);
			path = textures;
			sourceTree = "<group>";
		};
		599BE7E015635170003184D7 = {
			isa = PBXGroup;
			children = (
				599BE7EE15635170003184D7 /* I3D Assignment 2 */,
				599BE7EC15635170003184D7 /* Products */,
			);
			sourceTree = "<group>";
		};
		599BE7EC15635170003184D7 /* Products */ = {
			isa = PBXGroup;
			children = (
				599BE7EB15635170003184D7 /* I3D Assignment 2 */,
			);
			name = Products;
			sourceTree = "<group>";
		};
		599BE7EE15635170003184D7 /* I3D Assignment 2 */ = {
			isa = PBXGroup;
			children = (
				594BEA4C156CD06B008A7B4D /* heightmap.png */,
				594BEA4D156CD06B008A7B4D /* png_loader.c */,
				594BEA4E156CD06B008A7B4D /* png_loader.h */,
				594BEA4F156CD06B008A7B4D /* textures */,
				594BEA52156CD06B008A7B4D /* testTexture.png */,
				59881C2A156C98DB00BA719F /* texture_common.c */,
				59881C2B156C98DB00BA719F /* texture_gdk.c */,
				59881C2C156C98DB00BA719F /* texture_quicktime.c */,
				59881C2D156C98DB00BA719F /* texture.h */,
				59F16A811563521500F8ED81 /* boat.c */,
				59F16A821563521500F8ED81 /* boat.h */,
				59F16A831563521500F8ED81 /* camera.c */,
				59F16A841563521500F8ED81 /* camera.h */,
				59F16A851563521500F8ED81 /* controls.c */,
				59F16A861563521500F8ED81 /* controls.h */,
				59F16A871563521500F8ED81 /* galleon.obj */,
				59F16A881563521500F8ED81 /* gl.h */,
				59F16A891563521500F8ED81 /* keys.c */,
				59F16A8A1563521500F8ED81 /* keys.h */,
				59F16A8B1563521500F8ED81 /* light.c */,
				59F16A8C1563521500F8ED81 /* light.h */,
				59F16A8D1563521500F8ED81 /* Makefile */,
				59F16A8E1563521500F8ED81 /* obj */,
				59F16A921563521500F8ED81 /* Readme */,
				59F16A931563521500F8ED81 /* utils.c */,
				59F16A941563521500F8ED81 /* utils.h */,
				59F16A951563521500F8ED81 /* waves.c */,
				59F16A961563521500F8ED81 /* waves.h */,
				599BE7EF15635170003184D7 /* main.c */,
				599BE7F115635170003184D7 /* I3D_Assignment_2.1 */,
				59966D59156A1C01005DF6BF /* seabed.h */,
				59966D5B156A1C33005DF6BF /* seabed.c */,
				59881C34156C9C2900BA719F /* skybox.c */,
				59881C36156C9C3900BA719F /* skybox.h */,
				594BEA64156DEDF9008A7B4D /* main.h */,
			);
			path = "I3D Assignment 2";
			sourceTree = "<group>";
		};
		59F16A8E1563521500F8ED81 /* obj */ = {
			isa = PBXGroup;
			children = (
				59F16A8F1563521500F8ED81 /* obj.c */,
				59F16A901563521500F8ED81 /* obj.h */,
				59F16A911563521500F8ED81 /* uthash.h */,
			);
			path = obj;
			sourceTree = "<group>";
		};
/* End PBXGroup section */

/* Begin PBXNativeTarget section */
		599BE7EA15635170003184D7 /* I3D Assignment 2 */ = {
			isa = PBXNativeTarget;
			buildConfigurationList = 599BE7F515635170003184D7 /* Build configuration list for PBXNativeTarget "I3D Assignment 2" */;
			buildPhases = (
				599BE7E715635170003184D7 /* Sources */,
				599BE7E815635170003184D7 /* Frameworks */,
				599BE7E915635170003184D7 /* CopyFiles */,
			);
			buildRules = (
			);
			dependencies = (
			);
			name = "I3D Assignment 2";
			productName = "I3D Assignment 2";
			productReference = 599BE7EB15635170003184D7 /* I3D Assignment 2 */;
			productType = "com.apple.product-type.tool";
		};
/* End PBXNativeTarget section */

/* Begin PBXProject section */
		599BE7E215635170003184D7 /* Project object */ = {
			isa = PBXProject;
			buildConfigurationList = 599BE7E515635170003184D7 /* Build configuration list for PBXProject "I3D Assignment 2" */;
			compatibilityVersion = "Xcode 3.2";
			developmentRegion = English;
			hasScannedForEncodings = 0;
			knownRegions = (
				en,
			);
			mainGroup = 599BE7E015635170003184D7;
			productRefGroup = 599BE7EC15635170003184D7 /* Products */;
			projectDirPath = "";
			projectRoot = "";
			targets = (
				599BE7EA15635170003184D7 /* I3D Assignment 2 */,
			);
		};
/* End PBXProject section */

/* Begin PBXSourcesBuildPhase section */
		599BE7E715635170003184D7 /* Sources */ = {
			isa = PBXSourcesBuildPhase;
			buildActionMask = 2147483647;
			files = (
				599BE7F015635170003184D7 /* main.c in Sources */,
				59F16A971563521500F8ED81 /* boat.c in Sources */,
				59F16A981563521500F8ED81 /* camera.c in Sources */,
				59F16A991563521500F8ED81 /* controls.c in Sources */,
				59F16A9A1563521500F8ED81 /* keys.c in Sources */,
				59F16A9B1563521500F8ED81 /* light.c in Sources */,
				59F16A9C1563521500F8ED81 /* Makefile in Sources */,
				59F16A9D1563521500F8ED81 /* obj.c in Sources */,
				59F16A9E1563521500F8ED81 /* utils.c in Sources */,
				59F16A9F1563521500F8ED81 /* waves.c in Sources */,
				59966D5C156A1C33005DF6BF /* seabed.c in Sources */,
				59881C30156C98DB00BA719F /* texture_common.c in Sources */,
				59881C31156C98DB00BA719F /* texture_gdk.c in Sources */,
				59881C32156C98DB00BA719F /* texture_quicktime.c in Sources */,
				59881C35156C9C2900BA719F /* skybox.c in Sources */,
				594BEA54156CD06B008A7B4D /* png_loader.c in Sources */,
			);
			runOnlyForDeploymentPostprocessing = 0;
		};
/* End PBXSourcesBuildPhase section */

/* Begin XCBuildConfiguration section */
		599BE7F315635170003184D7 /* Debug */ = {
			isa = XCBuildConfiguration;
			buildSettings = {
				ALWAYS_SEARCH_USER_PATHS = NO;
				ARCHS = "$(ARCHS_STANDARD_64_BIT)";
				COPY_PHASE_STRIP = NO;
				GCC_C_LANGUAGE_STANDARD = gnu99;
				GCC_DYNAMIC_NO_PIC = NO;
				GCC_ENABLE_OBJC_EXCEPTIONS = YES;
				GCC_OPTIMIZATION_LEVEL = 0;
				GCC_PREPROCESSOR_DEFINITIONS = (
					"DEBUG=1",
					"$(inherited)",
				);
				GCC_SYMBOLS_PRIVATE_EXTERN = NO;
				GCC_VERSION = com.apple.compilers.llvm.clang.1_0;
				GCC_WARN_64_TO_32_BIT_CONVERSION = YES;
				GCC_WARN_ABOUT_MISSING_PROTOTYPES = YES;
				GCC_WARN_ABOUT_RETURN_TYPE = YES;
				GCC_WARN_UNUSED_VARIABLE = YES;
				MACOSX_DEPLOYMENT_TARGET = 10.7;
				ONLY_ACTIVE_ARCH = YES;
				SDKROOT = macosx;
			};
			name = Debug;
		};
		599BE7F415635170003184D7 /* Release */ = {
			isa = XCBuildConfiguration;
			buildSettings = {
				ALWAYS_SEARCH_USER_PATHS = NO;
				ARCHS = "$(ARCHS_STANDARD_64_BIT)";
				COPY_PHASE_STRIP = YES;
				DEBUG_INFORMATION_FORMAT = "dwarf-with-dsym";
				GCC_C_LANGUAGE_STANDARD = gnu99;
				GCC_ENABLE_OBJC_EXCEPTIONS = YES;
				GCC_VERSION = com.apple.compilers.llvm.clang.1_0;
				GCC_WARN_64_TO_32_BIT_CONVERSION = YES;
				GCC_WARN_ABOUT_MISSING_PROTOTYPES = YES;
				GCC_WARN_ABOUT_RETURN_TYPE = YES;
				GCC_WARN_UNUSED_VARIABLE = YES;
				MACOSX_DEPLOYMENT_TARGET = 10.7;
				SDKROOT = macosx;
			};
			name = Release;
		};
		599BE7F615635170003184D7 /* Debug */ = {
			isa = XCBuildConfiguration;
			buildSettings = {
				PRODUCT_NAME = "$(TARGET_NAME)";
			};
			name = Debug;
		};
		599BE7F715635170003184D7 /* Release */ = {
			isa = XCBuildConfiguration;
			buildSettings = {
				PRODUCT_NAME = "$(TARGET_NAME)";
			};
			name = Release;
		};
/* End XCBuildConfiguration section */

/* Begin XCConfigurationList section */
		599BE7E515635170003184D7 /* Build configuration list for PBXProject "I3D Assignment 2" */ = {
			isa = XCConfigurationList;
			buildConfigurations = (
				599BE7F315635170003184D7 /* Debug */,
				599BE7F415635170003184D7 /* Release */,
			);
			defaultConfigurationIsVisible = 0;
			defaultConfigurationName = Release;
		};
		599BE7F515635170003184D7 /* Build configuration list for PBXNativeTarget "I3D Assignment 2" */ = {
			isa = XCConfigurationList;
			buildConfigurations = (
				599BE7F615635170003184D7 /* Debug */,
				599BE7F715635170003184D7 /* Release */,
			);
			defaultConfigurationIsVisible = 0;
			defaultConfigurationName = Release;
		};
/* End XCConfigurationList section */
	};
	rootObject = 599BE7E215635170003184D7 /* Project object */;
}
